// !$*UTF8*$!
{
	archiveVersion = 1;
	classes = {
	};
	objectVersion = 56;
	objects = {

/* Begin PBXBuildFile section */
		756D45832D6F42E50038542D /* EsmarApp.swift in Sources */ = {isa = PBXBuildFile; fileRef = 756D45822D6F42E50038542D /* EsmarApp.swift */; };
		756D45852D6F42E50038542D /* ContentView.swift in Sources */ = {isa = PBXBuildFile; fileRef = 756D45842D6F42E50038542D /* ContentView.swift */; };
		756D45872D6F42E60038542D /* Assets.xcassets in Resources */ = {isa = PBXBuildFile; fileRef = 756D45862D6F42E60038542D /* Assets.xcassets */; };
		756D458A2D6F42E60038542D /* Preview Assets.xcassets in Resources */ = {isa = PBXBuildFile; fileRef = 756D45892D6F42E60038542D /* Preview Assets.xcassets */; };
		756D458F2D6F42E60038542D /* BudgetModel.xcdatamodeld in Sources */ = {isa = PBXBuildFile; fileRef = 756D458D2D6F42E60038542D /* BudgetModel.xcdatamodeld */; };
		756D45982D6F44F10038542D /* BudgetCategory+CoreDataClass.swift in Sources */ = {isa = PBXBuildFile; fileRef = 756D45972D6F44F10038542D /* BudgetCategory+CoreDataClass.swift */; };
		756D459B2D6F481A0038542D /* CoreDataManager.swift in Sources */ = {isa = PBXBuildFile; fileRef = 756D459A2D6F481A0038542D /* CoreDataManager.swift */; };
		756D459F2D6F4B600038542D /* AddBudgetCategoryView.swift in Sources */ = {isa = PBXBuildFile; fileRef = 756D459E2D6F4B600038542D /* AddBudgetCategoryView.swift */; };
		756D45A22D6F4DF50038542D /* NumberFormatter+Extensions.swift in Sources */ = {isa = PBXBuildFile; fileRef = 756D45A12D6F4DF50038542D /* NumberFormatter+Extensions.swift */; };
		756D45A42D6F60C50038542D /* BudgetListView.swift in Sources */ = {isa = PBXBuildFile; fileRef = 756D45A32D6F60C50038542D /* BudgetListView.swift */; };
		756D45A62D6F82B90038542D /* Transaction+CoreDataClass.swift in Sources */ = {isa = PBXBuildFile; fileRef = 756D45A52D6F82B90038542D /* Transaction+CoreDataClass.swift */; };
/* End PBXBuildFile section */

/* Begin PBXFileReference section */
		756D457F2D6F42E50038542D /* Esmar.app */ = {isa = PBXFileReference; explicitFileType = wrapper.application; includeInIndex = 0; path = Esmar.app; sourceTree = BUILT_PRODUCTS_DIR; };
		756D45822D6F42E50038542D /* EsmarApp.swift */ = {isa = PBXFileReference; lastKnownFileType = sourcecode.swift; path = EsmarApp.swift; sourceTree = "<group>"; };
		756D45842D6F42E50038542D /* ContentView.swift */ = {isa = PBXFileReference; lastKnownFileType = sourcecode.swift; path = ContentView.swift; sourceTree = "<group>"; };
		756D45862D6F42E60038542D /* Assets.xcassets */ = {isa = PBXFileReference; lastKnownFileType = folder.assetcatalog; path = Assets.xcassets; sourceTree = "<group>"; };
		756D45892D6F42E60038542D /* Preview Assets.xcassets */ = {isa = PBXFileReference; lastKnownFileType = folder.assetcatalog; path = "Preview Assets.xcassets"; sourceTree = "<group>"; };
		756D458E2D6F42E60038542D /* Esmar.xcdatamodel */ = {isa = PBXFileReference; lastKnownFileType = wrapper.xcdatamodel; path = Esmar.xcdatamodel; sourceTree = "<group>"; };
		756D45972D6F44F10038542D /* BudgetCategory+CoreDataClass.swift */ = {isa = PBXFileReference; lastKnownFileType = sourcecode.swift; path = "BudgetCategory+CoreDataClass.swift"; sourceTree = SOURCE_ROOT; };
		756D459A2D6F481A0038542D /* CoreDataManager.swift */ = {isa = PBXFileReference; lastKnownFileType = sourcecode.swift; path = CoreDataManager.swift; sourceTree = "<group>"; };
		756D459E2D6F4B600038542D /* AddBudgetCategoryView.swift */ = {isa = PBXFileReference; lastKnownFileType = sourcecode.swift; path = AddBudgetCategoryView.swift; sourceTree = "<group>"; };
		756D45A12D6F4DF50038542D /* NumberFormatter+Extensions.swift */ = {isa = PBXFileReference; fileEncoding = 4; lastKnownFileType = sourcecode.swift; path = "NumberFormatter+Extensions.swift"; sourceTree = "<group>"; };
		756D45A32D6F60C50038542D /* BudgetListView.swift */ = {isa = PBXFileReference; lastKnownFileType = sourcecode.swift; path = BudgetListView.swift; sourceTree = "<group>"; };
		756D45A52D6F82B90038542D /* Transaction+CoreDataClass.swift */ = {isa = PBXFileReference; lastKnownFileType = sourcecode.swift; path = "Transaction+CoreDataClass.swift"; sourceTree = "<group>"; };
/* End PBXFileReference section */

/* Begin PBXFrameworksBuildPhase section */
		756D457C2D6F42E50038542D /* Frameworks */ = {
			isa = PBXFrameworksBuildPhase;
			buildActionMask = 2147483647;
			files = (
			);
			runOnlyForDeploymentPostprocessing = 0;
		};
/* End PBXFrameworksBuildPhase section */

/* Begin PBXGroup section */
		756D45762D6F42E50038542D = {
			isa = PBXGroup;
			children = (
				756D45812D6F42E50038542D /* Esmar */,
				756D45802D6F42E50038542D /* Products */,
			);
			sourceTree = "<group>";
		};
		756D45802D6F42E50038542D /* Products */ = {
			isa = PBXGroup;
			children = (
				756D457F2D6F42E50038542D /* Esmar.app */,
			);
			name = Products;
			sourceTree = "<group>";
		};
		756D45812D6F42E50038542D /* Esmar */ = {
			isa = PBXGroup;
			children = (
				756D45822D6F42E50038542D /* EsmarApp.swift */,
				756D45842D6F42E50038542D /* ContentView.swift */,
				756D45A02D6F4DD80038542D /* Extensions */,
				756D45992D6F47890038542D /* Managers */,
				756D45952D6F44CC0038542D /* Models */,
				756D45882D6F42E60038542D /* Preview Content */,
				756D459D2D6F4A700038542D /* Resources */,
				756D459C2D6F4A1B0038542D /* Views */,
			);
			path = Esmar;
			sourceTree = "<group>";
		};
		756D45882D6F42E60038542D /* Preview Content */ = {
			isa = PBXGroup;
			children = (
				756D45892D6F42E60038542D /* Preview Assets.xcassets */,
			);
			path = "Preview Content";
			sourceTree = "<group>";
		};
		756D45952D6F44CC0038542D /* Models */ = {
			isa = PBXGroup;
			children = (
				756D458D2D6F42E60038542D /* BudgetModel.xcdatamodeld */,
				756D45962D6F44D10038542D /* Extensions */,
			);
			path = Models;
			sourceTree = "<group>";
		};
		756D45962D6F44D10038542D /* Extensions */ = {
			isa = PBXGroup;
			children = (
				756D45972D6F44F10038542D /* BudgetCategory+CoreDataClass.swift */,
				756D45A52D6F82B90038542D /* Transaction+CoreDataClass.swift */,
			);
			path = Extensions;
			sourceTree = "<group>";
		};
		756D45992D6F47890038542D /* Managers */ = {
			isa = PBXGroup;
			children = (
				756D459A2D6F481A0038542D /* CoreDataManager.swift */,
			);
			path = Managers;
			sourceTree = "<group>";
		};
		756D459C2D6F4A1B0038542D /* Views */ = {
			isa = PBXGroup;
			children = (
				756D459E2D6F4B600038542D /* AddBudgetCategoryView.swift */,
				756D45A32D6F60C50038542D /* BudgetListView.swift */,
			);
			path = Views;
			sourceTree = "<group>";
		};
		756D459D2D6F4A700038542D /* Resources */ = {
			isa = PBXGroup;
			children = (
				756D45862D6F42E60038542D /* Assets.xcassets */,
			);
			path = Resources;
			sourceTree = "<group>";
		};
		756D45A02D6F4DD80038542D /* Extensions */ = {
			isa = PBXGroup;
			children = (
				756D45A12D6F4DF50038542D /* NumberFormatter+Extensions.swift */,
			);
			path = Extensions;
			sourceTree = "<group>";
		};
/* End PBXGroup section */

/* Begin PBXNativeTarget section */
		756D457E2D6F42E50038542D /* Esmar */ = {
			isa = PBXNativeTarget;
			buildConfigurationList = 756D45922D6F42E60038542D /* Build configuration list for PBXNativeTarget "Esmar" */;
			buildPhases = (
				756D457B2D6F42E50038542D /* Sources */,
				756D457C2D6F42E50038542D /* Frameworks */,
				756D457D2D6F42E50038542D /* Resources */,
			);
			buildRules = (
			);
			dependencies = (
			);
			name = Esmar;
			productName = Esmar;
			productReference = 756D457F2D6F42E50038542D /* Esmar.app */;
			productType = "com.apple.product-type.application";
		};
/* End PBXNativeTarget section */

/* Begin PBXProject section */
		756D45772D6F42E50038542D /* Project object */ = {
			isa = PBXProject;
			attributes = {
				BuildIndependentTargetsInParallel = 1;
				LastSwiftUpdateCheck = 1540;
				LastUpgradeCheck = 1540;
				TargetAttributes = {
					756D457E2D6F42E50038542D = {
						CreatedOnToolsVersion = 15.4;
					};
				};
			};
			buildConfigurationList = 756D457A2D6F42E50038542D /* Build configuration list for PBXProject "Esmar" */;
			compatibilityVersion = "Xcode 14.0";
			developmentRegion = en;
			hasScannedForEncodings = 0;
			knownRegions = (
				en,
				Base,
			);
			mainGroup = 756D45762D6F42E50038542D;
			productRefGroup = 756D45802D6F42E50038542D /* Products */;
			projectDirPath = "";
			projectRoot = "";
			targets = (
				756D457E2D6F42E50038542D /* Esmar */,
			);
		};
/* End PBXProject section */

/* Begin PBXResourcesBuildPhase section */
		756D457D2D6F42E50038542D /* Resources */ = {
			isa = PBXResourcesBuildPhase;
			buildActionMask = 2147483647;
			files = (
				756D458A2D6F42E60038542D /* Preview Assets.xcassets in Resources */,
				756D45872D6F42E60038542D /* Assets.xcassets in Resources */,
			);
			runOnlyForDeploymentPostprocessing = 0;
		};
/* End PBXResourcesBuildPhase section */

/* Begin PBXSourcesBuildPhase section */
		756D457B2D6F42E50038542D /* Sources */ = {
			isa = PBXSourcesBuildPhase;
			buildActionMask = 2147483647;
			files = (
				756D459B2D6F481A0038542D /* CoreDataManager.swift in Sources */,
				756D45A42D6F60C50038542D /* BudgetListView.swift in Sources */,
				756D45852D6F42E50038542D /* ContentView.swift in Sources */,
				756D45A22D6F4DF50038542D /* NumberFormatter+Extensions.swift in Sources */,
				756D45A62D6F82B90038542D /* Transaction+CoreDataClass.swift in Sources */,
				756D458F2D6F42E60038542D /* BudgetModel.xcdatamodeld in Sources */,
				756D459F2D6F4B600038542D /* AddBudgetCategoryView.swift in Sources */,
				756D45832D6F42E50038542D /* EsmarApp.swift in Sources */,
				756D45982D6F44F10038542D /* BudgetCategory+CoreDataClass.swift in Sources */,
			);
			runOnlyForDeploymentPostprocessing = 0;
		};
/* End PBXSourcesBuildPhase section */

/* Begin XCBuildConfiguration section */
		756D45902D6F42E60038542D /* Debug */ = {
			isa = XCBuildConfiguration;
			buildSettings = {
				ALWAYS_SEARCH_USER_PATHS = NO;
				ASSETCATALOG_COMPILER_GENERATE_SWIFT_ASSET_SYMBOL_EXTENSIONS = YES;
				CLANG_ANALYZER_NONNULL = YES;
				CLANG_ANALYZER_NUMBER_OBJECT_CONVERSION = YES_AGGRESSIVE;
				CLANG_CXX_LANGUAGE_STANDARD = "gnu++20";
				CLANG_ENABLE_MODULES = YES;
				CLANG_ENABLE_OBJC_ARC = YES;
				CLANG_ENABLE_OBJC_WEAK = YES;
				CLANG_WARN_BLOCK_CAPTURE_AUTORELEASING = YES;
				CLANG_WARN_BOOL_CONVERSION = YES;
				CLANG_WARN_COMMA = YES;
				CLANG_WARN_CONSTANT_CONVERSION = YES;
				CLANG_WARN_DEPRECATED_OBJC_IMPLEMENTATIONS = YES;
				CLANG_WARN_DIRECT_OBJC_ISA_USAGE = YES_ERROR;
				CLANG_WARN_DOCUMENTATION_COMMENTS = YES;
				CLANG_WARN_EMPTY_BODY = YES;
				CLANG_WARN_ENUM_CONVERSION = YES;
				CLANG_WARN_INFINITE_RECURSION = YES;
				CLANG_WARN_INT_CONVERSION = YES;
				CLANG_WARN_NON_LITERAL_NULL_CONVERSION = YES;
				CLANG_WARN_OBJC_IMPLICIT_RETAIN_SELF = YES;
				CLANG_WARN_OBJC_LITERAL_CONVERSION = YES;
				CLANG_WARN_OBJC_ROOT_CLASS = YES_ERROR;
				CLANG_WARN_QUOTED_INCLUDE_IN_FRAMEWORK_HEADER = YES;
				CLANG_WARN_RANGE_LOOP_ANALYSIS = YES;
				CLANG_WARN_STRICT_PROTOTYPES = YES;
				CLANG_WARN_SUSPICIOUS_MOVE = YES;
				CLANG_WARN_UNGUARDED_AVAILABILITY = YES_AGGRESSIVE;
				CLANG_WARN_UNREACHABLE_CODE = YES;
				CLANG_WARN__DUPLICATE_METHOD_MATCH = YES;
				COPY_PHASE_STRIP = NO;
				DEBUG_INFORMATION_FORMAT = dwarf;
				ENABLE_STRICT_OBJC_MSGSEND = YES;
				ENABLE_TESTABILITY = YES;
				ENABLE_USER_SCRIPT_SANDBOXING = YES;
				GCC_C_LANGUAGE_STANDARD = gnu17;
				GCC_DYNAMIC_NO_PIC = NO;
				GCC_NO_COMMON_BLOCKS = YES;
				GCC_OPTIMIZATION_LEVEL = 0;
				GCC_PREPROCESSOR_DEFINITIONS = (
					"DEBUG=1",
					"$(inherited)",
				);
				GCC_WARN_64_TO_32_BIT_CONVERSION = YES;
				GCC_WARN_ABOUT_RETURN_TYPE = YES_ERROR;
				GCC_WARN_UNDECLARED_SELECTOR = YES;
				GCC_WARN_UNINITIALIZED_AUTOS = YES_AGGRESSIVE;
				GCC_WARN_UNUSED_FUNCTION = YES;
				GCC_WARN_UNUSED_VARIABLE = YES;
				IPHONEOS_DEPLOYMENT_TARGET = 17.5;
				LOCALIZATION_PREFERS_STRING_CATALOGS = YES;
				MTL_ENABLE_DEBUG_INFO = INCLUDE_SOURCE;
				MTL_FAST_MATH = YES;
				ONLY_ACTIVE_ARCH = YES;
				SDKROOT = iphoneos;
				SWIFT_ACTIVE_COMPILATION_CONDITIONS = "DEBUG $(inherited)";
				SWIFT_OPTIMIZATION_LEVEL = "-Onone";
			};
			name = Debug;
		};
		756D45912D6F42E60038542D /* Release */ = {
			isa = XCBuildConfiguration;
			buildSettings = {
				ALWAYS_SEARCH_USER_PATHS = NO;
				ASSETCATALOG_COMPILER_GENERATE_SWIFT_ASSET_SYMBOL_EXTENSIONS = YES;
				CLANG_ANALYZER_NONNULL = YES;
				CLANG_ANALYZER_NUMBER_OBJECT_CONVERSION = YES_AGGRESSIVE;
				CLANG_CXX_LANGUAGE_STANDARD = "gnu++20";
				CLANG_ENABLE_MODULES = YES;
				CLANG_ENABLE_OBJC_ARC = YES;
				CLANG_ENABLE_OBJC_WEAK = YES;
				CLANG_WARN_BLOCK_CAPTURE_AUTORELEASING = YES;
				CLANG_WARN_BOOL_CONVERSION = YES;
				CLANG_WARN_COMMA = YES;
				CLANG_WARN_CONSTANT_CONVERSION = YES;
				CLANG_WARN_DEPRECATED_OBJC_IMPLEMENTATIONS = YES;
				CLANG_WARN_DIRECT_OBJC_ISA_USAGE = YES_ERROR;
				CLANG_WARN_DOCUMENTATION_COMMENTS = YES;
				CLANG_WARN_EMPTY_BODY = YES;
				CLANG_WARN_ENUM_CONVERSION = YES;
				CLANG_WARN_INFINITE_RECURSION = YES;
				CLANG_WARN_INT_CONVERSION = YES;
				CLANG_WARN_NON_LITERAL_NULL_CONVERSION = YES;
				CLANG_WARN_OBJC_IMPLICIT_RETAIN_SELF = YES;
				CLANG_WARN_OBJC_LITERAL_CONVERSION = YES;
				CLANG_WARN_OBJC_ROOT_CLASS = YES_ERROR;
				CLANG_WARN_QUOTED_INCLUDE_IN_FRAMEWORK_HEADER = YES;
				CLANG_WARN_RANGE_LOOP_ANALYSIS = YES;
				CLANG_WARN_STRICT_PROTOTYPES = YES;
				CLANG_WARN_SUSPICIOUS_MOVE = YES;
				CLANG_WARN_UNGUARDED_AVAILABILITY = YES_AGGRESSIVE;
				CLANG_WARN_UNREACHABLE_CODE = YES;
				CLANG_WARN__DUPLICATE_METHOD_MATCH = YES;
				COPY_PHASE_STRIP = NO;
				DEBUG_INFORMATION_FORMAT = "dwarf-with-dsym";
				ENABLE_NS_ASSERTIONS = NO;
				ENABLE_STRICT_OBJC_MSGSEND = YES;
				ENABLE_USER_SCRIPT_SANDBOXING = YES;
				GCC_C_LANGUAGE_STANDARD = gnu17;
				GCC_NO_COMMON_BLOCKS = YES;
				GCC_WARN_64_TO_32_BIT_CONVERSION = YES;
				GCC_WARN_ABOUT_RETURN_TYPE = YES_ERROR;
				GCC_WARN_UNDECLARED_SELECTOR = YES;
				GCC_WARN_UNINITIALIZED_AUTOS = YES_AGGRESSIVE;
				GCC_WARN_UNUSED_FUNCTION = YES;
				GCC_WARN_UNUSED_VARIABLE = YES;
				IPHONEOS_DEPLOYMENT_TARGET = 17.5;
				LOCALIZATION_PREFERS_STRING_CATALOGS = YES;
				MTL_ENABLE_DEBUG_INFO = NO;
				MTL_FAST_MATH = YES;
				SDKROOT = iphoneos;
				SWIFT_COMPILATION_MODE = wholemodule;
				VALIDATE_PRODUCT = YES;
			};
			name = Release;
		};
		756D45932D6F42E60038542D /* Debug */ = {
			isa = XCBuildConfiguration;
			buildSettings = {
				ASSETCATALOG_COMPILER_APPICON_NAME = AppIcon;
				ASSETCATALOG_COMPILER_GLOBAL_ACCENT_COLOR_NAME = AccentColor;
				CODE_SIGN_STYLE = Automatic;
				CURRENT_PROJECT_VERSION = 1;
				DEVELOPMENT_ASSET_PATHS = "\"Esmar/Preview Content\"";
				ENABLE_PREVIEWS = YES;
				GENERATE_INFOPLIST_FILE = YES;
				INFOPLIST_KEY_UIApplicationSceneManifest_Generation = YES;
				INFOPLIST_KEY_UIApplicationSupportsIndirectInputEvents = YES;
				INFOPLIST_KEY_UILaunchScreen_Generation = YES;
				INFOPLIST_KEY_UISupportedInterfaceOrientations_iPad = "UIInterfaceOrientationPortrait UIInterfaceOrientationPortraitUpsideDown UIInterfaceOrientationLandscapeLeft UIInterfaceOrientationLandscapeRight";
				INFOPLIST_KEY_UISupportedInterfaceOrientations_iPhone = "UIInterfaceOrientationPortrait UIInterfaceOrientationLandscapeLeft UIInterfaceOrientationLandscapeRight";
				LD_RUNPATH_SEARCH_PATHS = (
					"$(inherited)",
					"@executable_path/Frameworks",
				);
				MARKETING_VERSION = 1.0;
				PRODUCT_BUNDLE_IDENTIFIER = com.rafaelmelo.Esmar;
				PRODUCT_NAME = "$(TARGET_NAME)";
				SWIFT_EMIT_LOC_STRINGS = YES;
				SWIFT_VERSION = 5.0;
				TARGETED_DEVICE_FAMILY = "1,2";
			};
			name = Debug;
		};
		756D45942D6F42E60038542D /* Release */ = {
			isa = XCBuildConfiguration;
			buildSettings = {
				ASSETCATALOG_COMPILER_APPICON_NAME = AppIcon;
				ASSETCATALOG_COMPILER_GLOBAL_ACCENT_COLOR_NAME = AccentColor;
				CODE_SIGN_STYLE = Automatic;
				CURRENT_PROJECT_VERSION = 1;
				DEVELOPMENT_ASSET_PATHS = "\"Esmar/Preview Content\"";
				ENABLE_PREVIEWS = YES;
				GENERATE_INFOPLIST_FILE = YES;
				INFOPLIST_KEY_UIApplicationSceneManifest_Generation = YES;
				INFOPLIST_KEY_UIApplicationSupportsIndirectInputEvents = YES;
				INFOPLIST_KEY_UILaunchScreen_Generation = YES;
				INFOPLIST_KEY_UISupportedInterfaceOrientations_iPad = "UIInterfaceOrientationPortrait UIInterfaceOrientationPortraitUpsideDown UIInterfaceOrientationLandscapeLeft UIInterfaceOrientationLandscapeRight";
				INFOPLIST_KEY_UISupportedInterfaceOrientations_iPhone = "UIInterfaceOrientationPortrait UIInterfaceOrientationLandscapeLeft UIInterfaceOrientationLandscapeRight";
				LD_RUNPATH_SEARCH_PATHS = (
					"$(inherited)",
					"@executable_path/Frameworks",
				);
				MARKETING_VERSION = 1.0;
				PRODUCT_BUNDLE_IDENTIFIER = com.rafaelmelo.Esmar;
				PRODUCT_NAME = "$(TARGET_NAME)";
				SWIFT_EMIT_LOC_STRINGS = YES;
				SWIFT_VERSION = 5.0;
				TARGETED_DEVICE_FAMILY = "1,2";
			};
			name = Release;
		};
/* End XCBuildConfiguration section */

/* Begin XCConfigurationList section */
		756D457A2D6F42E50038542D /* Build configuration list for PBXProject "Esmar" */ = {
			isa = XCConfigurationList;
			buildConfigurations = (
				756D45902D6F42E60038542D /* Debug */,
				756D45912D6F42E60038542D /* Release */,
			);
			defaultConfigurationIsVisible = 0;
			defaultConfigurationName = Release;
		};
		756D45922D6F42E60038542D /* Build configuration list for PBXNativeTarget "Esmar" */ = {
			isa = XCConfigurationList;
			buildConfigurations = (
				756D45932D6F42E60038542D /* Debug */,
				756D45942D6F42E60038542D /* Release */,
			);
			defaultConfigurationIsVisible = 0;
			defaultConfigurationName = Release;
		};
/* End XCConfigurationList section */

/* Begin XCVersionGroup section */
		756D458D2D6F42E60038542D /* BudgetModel.xcdatamodeld */ = {
			isa = XCVersionGroup;
			children = (
				756D458E2D6F42E60038542D /* Esmar.xcdatamodel */,
			);
			currentVersion = 756D458E2D6F42E60038542D /* Esmar.xcdatamodel */;
			path = BudgetModel.xcdatamodeld;
			sourceTree = "<group>";
			versionGroupType = wrapper.xcdatamodel;
		};
/* End XCVersionGroup section */
	};
	rootObject = 756D45772D6F42E50038542D /* Project object */;
}
